
Microsoft Visual Studio Solution File, Format Version 12.00
# Visual Studio Version 17
VisualStudioVersion = 17.3.32819.101
MinimumVisualStudioVersion = 10.0.40219.1
Project("{9A19103F-16F7-4668-BE54-9A1E7A4F7556}") = "ConsoleApp1", "ConsoleApp1.csproj", "{0CDB22A1-A933-4444-9FEA-825B04FE6A9A}"
EndProject
Global
	GlobalSection(SolutionConfigurationPlatforms) = preSolution
		Debug|Any CPU = Debug|Any CPU
		Release|Any CPU = Release|Any CPU
	EndGlobalSection
	GlobalSection(ProjectConfigurationPlatforms) = postSolution
		{0CDB22A1-A933-4444-9FEA-825B04FE6A9A}.Debug|Any CPU.ActiveCfg = Debug|Any CPU
		{0CDB22A1-A933-4444-9FEA-825B04FE6A9A}.Debug|Any CPU.Build.0 = Debug|Any CPU
		{0CDB22A1-A933-4444-9FEA-825B04FE6A9A}.Release|Any CPU.ActiveCfg = Release|Any CPU
		{0CDB22A1-A933-4444-9FEA-825B04FE6A9A}.Release|Any CPU.Build.0 = Release|Any CPU
	EndGlobalSection
	GlobalSection(SolutionProperties) = preSolution
		HideSolutionNode = FALSE
	EndGlobalSection
	GlobalSection(ExtensibilityGlobals) = postSolution
		SolutionGuid = {88DBACE4-BEFD-43DE-A44F-4C2EE94754C7}
	EndGlobalSection
EndGlobal
